
Microsoft Visual Studio Solution File, Format Version 12.00
# Visual Studio 15
VisualStudioVersion = 15.0.28306.52
MinimumVisualStudioVersion = 10.0.40219.1
Project("{888888A0-9F3D-457C-B088-3A5042F75D52}") = "WebApplication2", "WebApplication2.pyproj", "{362993EF-0315-4217-9262-0E89500ABED3}"
EndProject
Global
	GlobalSection(SolutionConfigurationPlatforms) = preSolution
		Debug|Any CPU = Debug|Any CPU
		Release|Any CPU = Release|Any CPU
	EndGlobalSection
	GlobalSection(ProjectConfigurationPlatforms) = postSolution
		{362993EF-0315-4217-9262-0E89500ABED3}.Debug|Any CPU.ActiveCfg = Debug|Any CPU
		{362993EF-0315-4217-9262-0E89500ABED3}.Release|Any CPU.ActiveCfg = Release|Any CPU
	EndGlobalSection
	GlobalSection(SolutionProperties) = preSolution
		HideSolutionNode = FALSE
	EndGlobalSection
	GlobalSection(ExtensibilityGlobals) = postSolution
		SolutionGuid = {20CF8C8C-4FB8-47E6-8D8E-5222FF7D018A}
	EndGlobalSection
EndGlobal
